{
  "name": "andela-portal-cmd",
  "version": "1.0.2",
  "lockfileVersion": 1,
  "requires": true,
  "dependencies": {
    "command-exists": {
      "version": "1.2.8",
      "resolved": "https://registry.npmjs.org/command-exists/-/command-exists-1.2.8.tgz",
      "integrity": "sha512-PM54PkseWbiiD/mMsbvW351/u+dafwTJ0ye2qB60G1aGQP9j3xK2gmMDc+R34L3nDtx4qMCitXT75mkbkGJDLw=="
    },
    "commander": {
      "version": "2.19.0",
      "resolved": "https://registry.npmjs.org/commander/-/commander-2.19.0.tgz",
      "integrity": "sha512-6tvAOO+D6OENvRAh524Dh9jcfKTYDQAqvqezbCW82xj5X0pSrcpxtvRKHLG0yBY6SD7PSDrJaj+0AiOcKVd1Xg=="
    }
  }
}
